
Microsoft Visual Studio Solution File, Format Version 12.00
# Visual Studio Version 16
VisualStudioVersion = 16.6.30114.105
MinimumVisualStudioVersion = 10.0.40219.1
Project("{9A19103F-16F7-4668-BE54-9A1E7A4F7556}") = "R5T.T0036.X0001.Construction", "R5T.T0036.X0001.Construction\R5T.T0036.X0001.Construction.csproj", "{0375BC70-A60C-4DCB-A9FD-13410AB62197}"
EndProject
Project("{9A19103F-16F7-4668-BE54-9A1E7A4F7556}") = "R5T.T0036.X0001", "R5T.T0036.X0001\R5T.T0036.X0001.csproj", "{BC4E1765-F55B-4653-87CE-ABE1155BE8AB}"
EndProject
Project("{2150E333-8FDC-42A3-9474-1A3956D46DE8}") = "_Dependencies", "_Dependencies", "{73E2C0F7-1E8E-4DFC-AC30-AAEC8BDDEC86}"
EndProject
Project("{9A19103F-16F7-4668-BE54-9A1E7A4F7556}") = "R5T.T0036", "..\..\R5T.T0036\source\R5T.T0036\R5T.T0036.csproj", "{88747D5B-84E5-4F5E-A892-2A612497C766}"
EndProject
Global
	GlobalSection(SolutionConfigurationPlatforms) = preSolution
		Debug|Any CPU = Debug|Any CPU
		Debug|x64 = Debug|x64
		Debug|x86 = Debug|x86
		Release|Any CPU = Release|Any CPU
		Release|x64 = Release|x64
		Release|x86 = Release|x86
	EndGlobalSection
	GlobalSection(ProjectConfigurationPlatforms) = postSolution
		{0375BC70-A60C-4DCB-A9FD-13410AB62197}.Debug|Any CPU.ActiveCfg = Debug|Any CPU
		{0375BC70-A60C-4DCB-A9FD-13410AB62197}.Debug|Any CPU.Build.0 = Debug|Any CPU
		{0375BC70-A60C-4DCB-A9FD-13410AB62197}.Debug|x64.ActiveCfg = Debug|Any CPU
		{0375BC70-A60C-4DCB-A9FD-13410AB62197}.Debug|x64.Build.0 = Debug|Any CPU
		{0375BC70-A60C-4DCB-A9FD-13410AB62197}.Debug|x86.ActiveCfg = Debug|Any CPU
		{0375BC70-A60C-4DCB-A9FD-13410AB62197}.Debug|x86.Build.0 = Debug|Any CPU
		{0375BC70-A60C-4DCB-A9FD-13410AB62197}.Release|Any CPU.ActiveCfg = Release|Any CPU
		{0375BC70-A60C-4DCB-A9FD-13410AB62197}.Release|Any CPU.Build.0 = Release|Any CPU
		{0375BC70-A60C-4DCB-A9FD-13410AB62197}.Release|x64.ActiveCfg = Release|Any CPU
		{0375BC70-A60C-4DCB-A9FD-13410AB62197}.Release|x64.Build.0 = Release|Any CPU
		{0375BC70-A60C-4DCB-A9FD-13410AB62197}.Release|x86.ActiveCfg = Release|Any CPU
		{0375BC70-A60C-4DCB-A9FD-13410AB62197}.Release|x86.Build.0 = Release|Any CPU
		{BC4E1765-F55B-4653-87CE-ABE1155BE8AB}.Debug|Any CPU.ActiveCfg = Debug|Any CPU
		{BC4E1765-F55B-4653-87CE-ABE1155BE8AB}.Debug|Any CPU.Build.0 = Debug|Any CPU
		{BC4E1765-F55B-4653-87CE-ABE1155BE8AB}.Debug|x64.ActiveCfg = Debug|Any CPU
		{BC4E1765-F55B-4653-87CE-ABE1155BE8AB}.Debug|x64.Build.0 = Debug|Any CPU
		{BC4E1765-F55B-4653-87CE-ABE1155BE8AB}.Debug|x86.ActiveCfg = Debug|Any CPU
		{BC4E1765-F55B-4653-87CE-ABE1155BE8AB}.Debug|x86.Build.0 = Debug|Any CPU
		{BC4E1765-F55B-4653-87CE-ABE1155BE8AB}.Release|Any CPU.ActiveCfg = Release|Any CPU
		{BC4E1765-F55B-4653-87CE-ABE1155BE8AB}.Release|Any CPU.Build.0 = Release|Any CPU
		{BC4E1765-F55B-4653-87CE-ABE1155BE8AB}.Release|x64.ActiveCfg = Release|Any CPU
		{BC4E1765-F55B-4653-87CE-ABE1155BE8AB}.Release|x64.Build.0 = Release|Any CPU
		{BC4E1765-F55B-4653-87CE-ABE1155BE8AB}.Release|x86.ActiveCfg = Release|Any CPU
		{BC4E1765-F55B-4653-87CE-ABE1155BE8AB}.Release|x86.Build.0 = Release|Any CPU
		{88747D5B-84E5-4F5E-A892-2A612497C766}.Debug|Any CPU.ActiveCfg = Debug|Any CPU
		{88747D5B-84E5-4F5E-A892-2A612497C766}.Debug|Any CPU.Build.0 = Debug|Any CPU
		{88747D5B-84E5-4F5E-A892-2A612497C766}.Debug|x64.ActiveCfg = Debug|Any CPU
		{88747D5B-84E5-4F5E-A892-2A612497C766}.Debug|x64.Build.0 = Debug|Any CPU
		{88747D5B-84E5-4F5E-A892-2A612497C766}.Debug|x86.ActiveCfg = Debug|Any CPU
		{88747D5B-84E5-4F5E-A892-2A612497C766}.Debug|x86.Build.0 = Debug|Any CPU
		{88747D5B-84E5-4F5E-A892-2A612497C766}.Release|Any CPU.ActiveCfg = Release|Any CPU
		{88747D5B-84E5-4F5E-A892-2A612497C766}.Release|Any CPU.Build.0 = Release|Any CPU
		{88747D5B-84E5-4F5E-A892-2A612497C766}.Release|x64.ActiveCfg = Release|Any CPU
		{88747D5B-84E5-4F5E-A892-2A612497C766}.Release|x64.Build.0 = Release|Any CPU
		{88747D5B-84E5-4F5E-A892-2A612497C766}.Release|x86.ActiveCfg = Release|Any CPU
		{88747D5B-84E5-4F5E-A892-2A612497C766}.Release|x86.Build.0 = Release|Any CPU
	EndGlobalSection
	GlobalSection(SolutionProperties) = preSolution
		HideSolutionNode = FALSE
	EndGlobalSection
	GlobalSection(NestedProjects) = preSolution
		{88747D5B-84E5-4F5E-A892-2A612497C766} = {73E2C0F7-1E8E-4DFC-AC30-AAEC8BDDEC86}
	EndGlobalSection
	GlobalSection(ExtensibilityGlobals) = postSolution
		SolutionGuid = {E86EDDF9-F7D8-4479-80AF-CB80155D3DA9}
	EndGlobalSection
EndGlobal
